
Microsoft Visual Studio Solution File, Format Version 12.00
# Visual Studio Version 17
VisualStudioVersion = 17.1.32421.90
MinimumVisualStudioVersion = 10.0.40219.1
Project("{9A19103F-16F7-4668-BE54-9A1E7A4F7556}") = "KzBot - Tibia 12 - Private", "KzBot - Tibia 12 - Private\KzBot - Tibia 12 - Private.csproj", "{7855A40C-2834-4AC2-B1E8-6334F9CE32BC}"
EndProject
Project("{FAE04EC0-301F-11D3-BF4B-00C04F79EFBC}") = "HUB", "HUB\HUB.csproj", "{A547F865-C1F6-44C4-B429-EAF484967994}"
EndProject
Global
	GlobalSection(SolutionConfigurationPlatforms) = preSolution
		Debug|Any CPU = Debug|Any CPU
		Release|Any CPU = Release|Any CPU
	EndGlobalSection
	GlobalSection(ProjectConfigurationPlatforms) = postSolution
		{7855A40C-2834-4AC2-B1E8-6334F9CE32BC}.Debug|Any CPU.ActiveCfg = Debug|Any CPU
		{7855A40C-2834-4AC2-B1E8-6334F9CE32BC}.Debug|Any CPU.Build.0 = Debug|Any CPU
		{7855A40C-2834-4AC2-B1E8-6334F9CE32BC}.Release|Any CPU.ActiveCfg = Release|Any CPU
		{7855A40C-2834-4AC2-B1E8-6334F9CE32BC}.Release|Any CPU.Build.0 = Release|Any CPU
		{A547F865-C1F6-44C4-B429-EAF484967994}.Debug|Any CPU.ActiveCfg = Debug|Any CPU
		{A547F865-C1F6-44C4-B429-EAF484967994}.Debug|Any CPU.Build.0 = Debug|Any CPU
		{A547F865-C1F6-44C4-B429-EAF484967994}.Release|Any CPU.ActiveCfg = Release|Any CPU
		{A547F865-C1F6-44C4-B429-EAF484967994}.Release|Any CPU.Build.0 = Release|Any CPU
	EndGlobalSection
	GlobalSection(SolutionProperties) = preSolution
		HideSolutionNode = FALSE
	EndGlobalSection
	GlobalSection(ExtensibilityGlobals) = postSolution
		SolutionGuid = {402C3EAA-76B1-495C-913F-7CC392804DEC}
	EndGlobalSection
EndGlobal
